# THIS IS AN AUTOGENERATED FILE. DO NOT EDIT THIS FILE DIRECTLY.
# yarn lockfile v1


"@mixint/transflect@^0.8.3":
  version "0.8.3"
  resolved "https://registry.yarnpkg.com/@mixint/transflect/-/transflect-0.8.3.tgz#132aa606355ace8baa148ae29b39f2a070dab976"
  integrity sha512-x3Ct+iyJHdTLCeEGG+8SD5jjRVMXj6C7cGAqxQUSj+mVRXdZD9fbkWjrAbVBQINBxg61mBDqEDSiF0fXF/nObw==
  dependencies:
    parsedmessage "3.1.0"
    serverfailsoft "2.1.1"
    streamverbose "0.2.1"

ctxify@^0.4.0:
  version "0.4.0"
  resolved "https://registry.yarnpkg.com/ctxify/-/ctxify-0.4.0.tgz#18a546b5675b38a6845d996c6927bf36ce158be8"
  integrity sha512-s9nC+ljQa5dvr0szZOPfRHDEJkw5iI/6jkuk+Z2PpCLXJmjKA5fa3jpiS+DOcQuh4aSYfklDPrm7durnpVVfFw==

parsedmessage@3.1.0, parsedmessage@^3.1.0:
  version "3.1.0"
  resolved "https://registry.yarnpkg.com/parsedmessage/-/parsedmessage-3.1.0.tgz#9357449cad5099d85455ecf1d336d0193816ef85"
  integrity sha512-LRWoIhPUh+6myo9loWM9arfKeg/5KjjSbjK0RNwXL/ktu36AIR+NaNn37Zvo5ehzYunL2nd0y9XHmTb1RRBv+Q==

serverfailsoft@2.1.1, serverfailsoft@^2.1.1:
  version "2.1.1"
  resolved "https://registry.yarnpkg.com/serverfailsoft/-/serverfailsoft-2.1.1.tgz#0d1471b3aabde582249597a328d2f2b4687accda"
  integrity sha512-HIt3LDYmyt5ZHUtcyvDmNnNfV5XYOEw4qvsVji1x3ltLwOaKMVGFzybURGUXO5+FNqOn/5sZS2lSBKphisBD+g==

streamverbose@0.2.1:
  version "0.2.1"
  resolved "https://registry.yarnpkg.com/streamverbose/-/streamverbose-0.2.1.tgz#4e5ad08b24583ce5c863bb24c31cb8d162942d86"
  integrity sha512-3S33voWb2t46hy0qxdShft9tCIvjMwiu82HqLOVwHpmpOHIe3pUFL1DJU4rg7Xk7OwWC0ZQSH158tNCg9quydw==
